# This file is autogenerated, do not edit; changes may be undone by the next 'dep ensure'.


[[projects]]
  branch = "master"
  digest = "1:ca1bfe03324601a4bd42482a331449c5f387ac014376b55515910ec3295ea15c"
  name = "github.com/bwmarrin/snowflake"
  packages = ["."]
  pruneopts = "UT"
  revision = "68117e6bbede4dd72d70c7a58d73348ead068509"

[[projects]]
  branch = "master"
  digest = "1:bc093d75c1b37877e777540c794fa39bde3fcffa0980a13855388d04e78dffab"
  name = "github.com/godaner/go-route"
  packages = ["route"]
  pruneopts = "UT"
  revision = "8227dbd5be6d46046a9c524666ae8e3ca4859f71"

[[projects]]
  branch = "master"
  digest = "1:96e768c322d5651cd716415c2b1daf87bf8ad8e5e4f316d80f0380bf1fd4fa24"
  name = "github.com/godaner/go-util"
  packages = ["."]
  pruneopts = "UT"
  revision = "4e0f0eca97c317869c599ba597614ea7928ff233"

[[projects]]
  digest = "1:40e195917a951a8bf867cd05de2a46aaf1806c50cf92eebf4c16f78cd196f747"
  name = "github.com/pkg/errors"
  packages = ["."]
  pruneopts = "UT"
  revision = "645ef00459ed84a119197bfb8d8205042c6df63d"
  version = "v0.8.0"

[[projects]]
  branch = "master"
  digest = "1:060cdd6f78c3647f8cd17df18f6299c385484a1dc0e36c1e31883b5a78e7b538"
  name = "github.com/ungerik/go-gravatar"
  packages = ["."]
  pruneopts = "UT"
  revision = "6ab22628222adee0d853df36a2f0783f56ea55ec"

[solve-meta]
  analyzer-name = "dep"
  analyzer-version = 1
  input-imports = [
    "github.com/godaner/go-route/route",
    "github.com/godaner/go-util",
    "github.com/ungerik/go-gravatar",
  ]
  solver-name = "gps-cdcl"
  solver-version = 1
